
Microsoft Visual Studio Solution File, Format Version 12.00
# Visual Studio 15
VisualStudioVersion = 15.0.28307.1259
MinimumVisualStudioVersion = 10.0.40219.1
Project("{FAE04EC0-301F-11D3-BF4B-00C04F79EFBC}") = "SnowflakewebApplication", "SnowflakewebApplication\SnowflakewebApplication.csproj", "{778DC5A9-5F76-47B8-9707-EDE671A40AE4}"
EndProject
Global
	GlobalSection(SolutionConfigurationPlatforms) = preSolution
		Debug|Any CPU = Debug|Any CPU
		Release|Any CPU = Release|Any CPU
	EndGlobalSection
	GlobalSection(ProjectConfigurationPlatforms) = postSolution
		{778DC5A9-5F76-47B8-9707-EDE671A40AE4}.Debug|Any CPU.ActiveCfg = Debug|Any CPU
		{778DC5A9-5F76-47B8-9707-EDE671A40AE4}.Debug|Any CPU.Build.0 = Debug|Any CPU
		{778DC5A9-5F76-47B8-9707-EDE671A40AE4}.Release|Any CPU.ActiveCfg = Release|Any CPU
		{778DC5A9-5F76-47B8-9707-EDE671A40AE4}.Release|Any CPU.Build.0 = Release|Any CPU
	EndGlobalSection
	GlobalSection(SolutionProperties) = preSolution
		HideSolutionNode = FALSE
	EndGlobalSection
	GlobalSection(ExtensibilityGlobals) = postSolution
		SolutionGuid = {E9E77F46-FD15-46DF-B103-79FBEF7764E0}
	EndGlobalSection
EndGlobal
